// !$*UTF8*$!
{
	archiveVersion = 1;
	classes = {
	};
	objectVersion = 50;
	objects = {

/* Begin PBXBuildFile section */
		897001672158E95000BFA848 /* AppDelegate.swift in Sources */ = {isa = PBXBuildFile; fileRef = 897001662158E95000BFA848 /* AppDelegate.swift */; };
		897001692158E95000BFA848 /* ViewController.swift in Sources */ = {isa = PBXBuildFile; fileRef = 897001682158E95000BFA848 /* ViewController.swift */; };
		8970016C2158E95000BFA848 /* Main.storyboard in Resources */ = {isa = PBXBuildFile; fileRef = 8970016A2158E95000BFA848 /* Main.storyboard */; };
		8970016E2158E95300BFA848 /* Assets.xcassets in Resources */ = {isa = PBXBuildFile; fileRef = 8970016D2158E95300BFA848 /* Assets.xcassets */; };
		8970017C2158E95300BFA848 /* EzWordsTests.swift in Sources */ = {isa = PBXBuildFile; fileRef = 8970017B2158E95300BFA848 /* EzWordsTests.swift */; };
		897001872158E95400BFA848 /* EzWordsUITests.swift in Sources */ = {isa = PBXBuildFile; fileRef = 897001862158E95400BFA848 /* EzWordsUITests.swift */; };
		897001972158F37100BFA848 /* blue-line-png.png in Resources */ = {isa = PBXBuildFile; fileRef = 897001962158F37100BFA848 /* blue-line-png.png */; };
		89712E192197A52C00C15EC2 /* a.txt in Resources */ = {isa = PBXBuildFile; fileRef = 89712E182197A52C00C15EC2 /* a.txt */; };
		89712E1B2198211800C15EC2 /* words.txt in Resources */ = {isa = PBXBuildFile; fileRef = 89712E1A2198211800C15EC2 /* words.txt */; };
		89F3B02E2199E19C006F6AAA /* background.jpg in Resources */ = {isa = PBXBuildFile; fileRef = 89F3B02D2199E19C006F6AAA /* background.jpg */; };
/* End PBXBuildFile section */

/* Begin PBXContainerItemProxy section */
		897001782158E95300BFA848 /* PBXContainerItemProxy */ = {
			isa = PBXContainerItemProxy;
			containerPortal = 8970015B2158E94F00BFA848 /* Project object */;
			proxyType = 1;
			remoteGlobalIDString = 897001622158E94F00BFA848;
			remoteInfo = EzWords;
		};
		897001832158E95400BFA848 /* PBXContainerItemProxy */ = {
			isa = PBXContainerItemProxy;
			containerPortal = 8970015B2158E94F00BFA848 /* Project object */;
			proxyType = 1;
			remoteGlobalIDString = 897001622158E94F00BFA848;
			remoteInfo = EzWords;
		};
/* End PBXContainerItemProxy section */

/* Begin PBXFileReference section */
		897001632158E94F00BFA848 /* EzWords.app */ = {isa = PBXFileReference; explicitFileType = wrapper.application; includeInIndex = 0; path = EzWords.app; sourceTree = BUILT_PRODUCTS_DIR; };
		897001662158E95000BFA848 /* AppDelegate.swift */ = {isa = PBXFileReference; lastKnownFileType = sourcecode.swift; path = AppDelegate.swift; sourceTree = "<group>"; };
		897001682158E95000BFA848 /* ViewController.swift */ = {isa = PBXFileReference; lastKnownFileType = sourcecode.swift; path = ViewController.swift; sourceTree = "<group>"; };
		8970016B2158E95000BFA848 /* Base */ = {isa = PBXFileReference; lastKnownFileType = file.storyboard; name = Base; path = Base.lproj/Main.storyboard; sourceTree = "<group>"; };
		8970016D2158E95300BFA848 /* Assets.xcassets */ = {isa = PBXFileReference; lastKnownFileType = folder.assetcatalog; path = Assets.xcassets; sourceTree = "<group>"; };
		897001722158E95300BFA848 /* Info.plist */ = {isa = PBXFileReference; lastKnownFileType = text.plist.xml; path = Info.plist; sourceTree = "<group>"; };
		897001772158E95300BFA848 /* EzWordsTests.xctest */ = {isa = PBXFileReference; explicitFileType = wrapper.cfbundle; includeInIndex = 0; path = EzWordsTests.xctest; sourceTree = BUILT_PRODUCTS_DIR; };
		8970017B2158E95300BFA848 /* EzWordsTests.swift */ = {isa = PBXFileReference; lastKnownFileType = sourcecode.swift; path = EzWordsTests.swift; sourceTree = "<group>"; };
		8970017D2158E95300BFA848 /* Info.plist */ = {isa = PBXFileReference; lastKnownFileType = text.plist.xml; path = Info.plist; sourceTree = "<group>"; };
		897001822158E95400BFA848 /* EzWordsUITests.xctest */ = {isa = PBXFileReference; explicitFileType = wrapper.cfbundle; includeInIndex = 0; path = EzWordsUITests.xctest; sourceTree = BUILT_PRODUCTS_DIR; };
		897001862158E95400BFA848 /* EzWordsUITests.swift */ = {isa = PBXFileReference; lastKnownFileType = sourcecode.swift; path = EzWordsUITests.swift; sourceTree = "<group>"; };
		897001882158E95400BFA848 /* Info.plist */ = {isa = PBXFileReference; lastKnownFileType = text.plist.xml; path = Info.plist; sourceTree = "<group>"; };
		897001962158F37100BFA848 /* blue-line-png.png */ = {isa = PBXFileReference; lastKnownFileType = image.png; path = "blue-line-png.png"; sourceTree = "<group>"; };
		89712E182197A52C00C15EC2 /* a.txt */ = {isa = PBXFileReference; fileEncoding = 4; lastKnownFileType = text; name = a.txt; path = Resources/a.txt; sourceTree = "<group>"; };
		89712E1A2198211800C15EC2 /* words.txt */ = {isa = PBXFileReference; fileEncoding = 4; lastKnownFileType = text; name = words.txt; path = Resources/words.txt; sourceTree = "<group>"; };
		89F3B02D2199E19C006F6AAA /* background.jpg */ = {isa = PBXFileReference; lastKnownFileType = image.jpeg; path = background.jpg; sourceTree = "<group>"; };
/* End PBXFileReference section */

/* Begin PBXFrameworksBuildPhase section */
		897001602158E94F00BFA848 /* Frameworks */ = {
			isa = PBXFrameworksBuildPhase;
			buildActionMask = 2147483647;
			files = (
			);
			runOnlyForDeploymentPostprocessing = 0;
		};
		897001742158E95300BFA848 /* Frameworks */ = {
			isa = PBXFrameworksBuildPhase;
			buildActionMask = 2147483647;
			files = (
			);
			runOnlyForDeploymentPostprocessing = 0;
		};
		8970017F2158E95400BFA848 /* Frameworks */ = {
			isa = PBXFrameworksBuildPhase;
			buildActionMask = 2147483647;
			files = (
			);
			runOnlyForDeploymentPostprocessing = 0;
		};
/* End PBXFrameworksBuildPhase section */

/* Begin PBXGroup section */
		8970015A2158E94F00BFA848 = {
			isa = PBXGroup;
			children = (
				897001652158E94F00BFA848 /* EzWords */,
				8970017A2158E95300BFA848 /* EzWordsTests */,
				897001852158E95400BFA848 /* EzWordsUITests */,
				897001642158E94F00BFA848 /* Products */,
			);
			sourceTree = "<group>";
		};
		897001642158E94F00BFA848 /* Products */ = {
			isa = PBXGroup;
			children = (
				897001632158E94F00BFA848 /* EzWords.app */,
				897001772158E95300BFA848 /* EzWordsTests.xctest */,
				897001822158E95400BFA848 /* EzWordsUITests.xctest */,
			);
			name = Products;
			sourceTree = "<group>";
		};
		897001652158E94F00BFA848 /* EzWords */ = {
			isa = PBXGroup;
			children = (
				89F3B02D2199E19C006F6AAA /* background.jpg */,
				89712E1A2198211800C15EC2 /* words.txt */,
				89712E182197A52C00C15EC2 /* a.txt */,
				897001962158F37100BFA848 /* blue-line-png.png */,
				897001662158E95000BFA848 /* AppDelegate.swift */,
				897001682158E95000BFA848 /* ViewController.swift */,
				8970016A2158E95000BFA848 /* Main.storyboard */,
				8970016D2158E95300BFA848 /* Assets.xcassets */,
				897001722158E95300BFA848 /* Info.plist */,
			);
			path = EzWords;
			sourceTree = "<group>";
		};
		8970017A2158E95300BFA848 /* EzWordsTests */ = {
			isa = PBXGroup;
			children = (
				8970017B2158E95300BFA848 /* EzWordsTests.swift */,
				8970017D2158E95300BFA848 /* Info.plist */,
			);
			path = EzWordsTests;
			sourceTree = "<group>";
		};
		897001852158E95400BFA848 /* EzWordsUITests */ = {
			isa = PBXGroup;
			children = (
				897001862158E95400BFA848 /* EzWordsUITests.swift */,
				897001882158E95400BFA848 /* Info.plist */,
			);
			path = EzWordsUITests;
			sourceTree = "<group>";
		};
/* End PBXGroup section */

/* Begin PBXNativeTarget section */
		897001622158E94F00BFA848 /* EzWords */ = {
			isa = PBXNativeTarget;
			buildConfigurationList = 8970018B2158E95400BFA848 /* Build configuration list for PBXNativeTarget "EzWords" */;
			buildPhases = (
				8970015F2158E94F00BFA848 /* Sources */,
				897001602158E94F00BFA848 /* Frameworks */,
				897001612158E94F00BFA848 /* Resources */,
			);
			buildRules = (
			);
			dependencies = (
			);
			name = EzWords;
			productName = EzWords;
			productReference = 897001632158E94F00BFA848 /* EzWords.app */;
			productType = "com.apple.product-type.application";
		};
		897001762158E95300BFA848 /* EzWordsTests */ = {
			isa = PBXNativeTarget;
			buildConfigurationList = 8970018E2158E95400BFA848 /* Build configuration list for PBXNativeTarget "EzWordsTests" */;
			buildPhases = (
				897001732158E95300BFA848 /* Sources */,
				897001742158E95300BFA848 /* Frameworks */,
				897001752158E95300BFA848 /* Resources */,
			);
			buildRules = (
			);
			dependencies = (
				897001792158E95300BFA848 /* PBXTargetDependency */,
			);
			name = EzWordsTests;
			productName = EzWordsTests;
			productReference = 897001772158E95300BFA848 /* EzWordsTests.xctest */;
			productType = "com.apple.product-type.bundle.unit-test";
		};
		897001812158E95400BFA848 /* EzWordsUITests */ = {
			isa = PBXNativeTarget;
			buildConfigurationList = 897001912158E95400BFA848 /* Build configuration list for PBXNativeTarget "EzWordsUITests" */;
			buildPhases = (
				8970017E2158E95400BFA848 /* Sources */,
				8970017F2158E95400BFA848 /* Frameworks */,
				897001802158E95400BFA848 /* Resources */,
			);
			buildRules = (
			);
			dependencies = (
				897001842158E95400BFA848 /* PBXTargetDependency */,
			);
			name = EzWordsUITests;
			productName = EzWordsUITests;
			productReference = 897001822158E95400BFA848 /* EzWordsUITests.xctest */;
			productType = "com.apple.product-type.bundle.ui-testing";
		};
/* End PBXNativeTarget section */

/* Begin PBXProject section */
		8970015B2158E94F00BFA848 /* Project object */ = {
			isa = PBXProject;
			attributes = {
				LastSwiftUpdateCheck = 1000;
				LastUpgradeCheck = 1000;
				ORGANIZATIONNAME = rodiv;
				TargetAttributes = {
					897001622158E94F00BFA848 = {
						CreatedOnToolsVersion = 10.0;
					};
					897001762158E95300BFA848 = {
						CreatedOnToolsVersion = 10.0;
						TestTargetID = 897001622158E94F00BFA848;
					};
					897001812158E95400BFA848 = {
						CreatedOnToolsVersion = 10.0;
						TestTargetID = 897001622158E94F00BFA848;
					};
				};
			};
			buildConfigurationList = 8970015E2158E94F00BFA848 /* Build configuration list for PBXProject "EzWords" */;
			compatibilityVersion = "Xcode 9.3";
			developmentRegion = en;
			hasScannedForEncodings = 0;
			knownRegions = (
				en,
				Base,
			);
			mainGroup = 8970015A2158E94F00BFA848;
			productRefGroup = 897001642158E94F00BFA848 /* Products */;
			projectDirPath = "";
			projectRoot = "";
			targets = (
				897001622158E94F00BFA848 /* EzWords */,
				897001762158E95300BFA848 /* EzWordsTests */,
				897001812158E95400BFA848 /* EzWordsUITests */,
			);
		};
/* End PBXProject section */

/* Begin PBXResourcesBuildPhase section */
		897001612158E94F00BFA848 /* Resources */ = {
			isa = PBXResourcesBuildPhase;
			buildActionMask = 2147483647;
			files = (
				89712E192197A52C00C15EC2 /* a.txt in Resources */,
				8970016E2158E95300BFA848 /* Assets.xcassets in Resources */,
				8970016C2158E95000BFA848 /* Main.storyboard in Resources */,
				89F3B02E2199E19C006F6AAA /* background.jpg in Resources */,
				89712E1B2198211800C15EC2 /* words.txt in Resources */,
				897001972158F37100BFA848 /* blue-line-png.png in Resources */,
			);
			runOnlyForDeploymentPostprocessing = 0;
		};
		897001752158E95300BFA848 /* Resources */ = {
			isa = PBXResourcesBuildPhase;
			buildActionMask = 2147483647;
			files = (
			);
			runOnlyForDeploymentPostprocessing = 0;
		};
		897001802158E95400BFA848 /* Resources */ = {
			isa = PBXResourcesBuildPhase;
			buildActionMask = 2147483647;
			files = (
			);
			runOnlyForDeploymentPostprocessing = 0;
		};
/* End PBXResourcesBuildPhase section */

/* Begin PBXSourcesBuildPhase section */
		8970015F2158E94F00BFA848 /* Sources */ = {
			isa = PBXSourcesBuildPhase;
			buildActionMask = 2147483647;
			files = (
				897001692158E95000BFA848 /* ViewController.swift in Sources */,
				897001672158E95000BFA848 /* AppDelegate.swift in Sources */,
			);
			runOnlyForDeploymentPostprocessing = 0;
		};
		897001732158E95300BFA848 /* Sources */ = {
			isa = PBXSourcesBuildPhase;
			buildActionMask = 2147483647;
			files = (
				8970017C2158E95300BFA848 /* EzWordsTests.swift in Sources */,
			);
			runOnlyForDeploymentPostprocessing = 0;
		};
		8970017E2158E95400BFA848 /* Sources */ = {
			isa = PBXSourcesBuildPhase;
			buildActionMask = 2147483647;
			files = (
				897001872158E95400BFA848 /* EzWordsUITests.swift in Sources */,
			);
			runOnlyForDeploymentPostprocessing = 0;
		};
/* End PBXSourcesBuildPhase section */

/* Begin PBXTargetDependency section */
		897001792158E95300BFA848 /* PBXTargetDependency */ = {
			isa = PBXTargetDependency;
			target = 897001622158E94F00BFA848 /* EzWords */;
			targetProxy = 897001782158E95300BFA848 /* PBXContainerItemProxy */;
		};
		897001842158E95400BFA848 /* PBXTargetDependency */ = {
			isa = PBXTargetDependency;
			target = 897001622158E94F00BFA848 /* EzWords */;
			targetProxy = 897001832158E95400BFA848 /* PBXContainerItemProxy */;
		};
/* End PBXTargetDependency section */

/* Begin PBXVariantGroup section */
		8970016A2158E95000BFA848 /* Main.storyboard */ = {
			isa = PBXVariantGroup;
			children = (
				8970016B2158E95000BFA848 /* Base */,
			);
			name = Main.storyboard;
			sourceTree = "<group>";
		};
/* End PBXVariantGroup section */

/* Begin XCBuildConfiguration section */
		897001892158E95400BFA848 /* Debug */ = {
			isa = XCBuildConfiguration;
			buildSettings = {
				ALWAYS_SEARCH_USER_PATHS = NO;
				CLANG_ANALYZER_NONNULL = YES;
				CLANG_ANALYZER_NUMBER_OBJECT_CONVERSION = YES_AGGRESSIVE;
				CLANG_CXX_LANGUAGE_STANDARD = "gnu++14";
				CLANG_CXX_LIBRARY = "libc++";
				CLANG_ENABLE_MODULES = YES;
				CLANG_ENABLE_OBJC_ARC = YES;
				CLANG_ENABLE_OBJC_WEAK = YES;
				CLANG_WARN_BLOCK_CAPTURE_AUTORELEASING = YES;
				CLANG_WARN_BOOL_CONVERSION = YES;
				CLANG_WARN_COMMA = YES;
				CLANG_WARN_CONSTANT_CONVERSION = YES;
				CLANG_WARN_DEPRECATED_OBJC_IMPLEMENTATIONS = YES;
				CLANG_WARN_DIRECT_OBJC_ISA_USAGE = YES_ERROR;
				CLANG_WARN_DOCUMENTATION_COMMENTS = YES;
				CLANG_WARN_EMPTY_BODY = YES;
				CLANG_WARN_ENUM_CONVERSION = YES;
				CLANG_WARN_INFINITE_RECURSION = YES;
				CLANG_WARN_INT_CONVERSION = YES;
				CLANG_WARN_NON_LITERAL_NULL_CONVERSION = YES;
				CLANG_WARN_OBJC_IMPLICIT_RETAIN_SELF = YES;
				CLANG_WARN_OBJC_LITERAL_CONVERSION = YES;
				CLANG_WARN_OBJC_ROOT_CLASS = YES_ERROR;
				CLANG_WARN_RANGE_LOOP_ANALYSIS = YES;
				CLANG_WARN_STRICT_PROTOTYPES = YES;
				CLANG_WARN_SUSPICIOUS_MOVE = YES;
				CLANG_WARN_UNGUARDED_AVAILABILITY = YES_AGGRESSIVE;
				CLANG_WARN_UNREACHABLE_CODE = YES;
				CLANG_WARN__DUPLICATE_METHOD_MATCH = YES;
				CODE_SIGN_IDENTITY = "iPhone Developer";
				COPY_PHASE_STRIP = NO;
				DEBUG_INFORMATION_FORMAT = dwarf;
				ENABLE_STRICT_OBJC_MSGSEND = YES;
				ENABLE_TESTABILITY = YES;
				GCC_C_LANGUAGE_STANDARD = gnu11;
				GCC_DYNAMIC_NO_PIC = NO;
				GCC_NO_COMMON_BLOCKS = YES;
				GCC_OPTIMIZATION_LEVEL = 0;
				GCC_PREPROCESSOR_DEFINITIONS = (
					"DEBUG=1",
					"$(inherited)",
				);
				GCC_WARN_64_TO_32_BIT_CONVERSION = YES;
				GCC_WARN_ABOUT_RETURN_TYPE = YES_ERROR;
				GCC_WARN_UNDECLARED_SELECTOR = YES;
				GCC_WARN_UNINITIALIZED_AUTOS = YES_AGGRESSIVE;
				GCC_WARN_UNUSED_FUNCTION = YES;
				GCC_WARN_UNUSED_VARIABLE = YES;
				IPHONEOS_DEPLOYMENT_TARGET = 12.0;
				MTL_ENABLE_DEBUG_INFO = INCLUDE_SOURCE;
				MTL_FAST_MATH = YES;
				ONLY_ACTIVE_ARCH = YES;
				SDKROOT = iphoneos;
				SWIFT_ACTIVE_COMPILATION_CONDITIONS = DEBUG;
				SWIFT_OPTIMIZATION_LEVEL = "-Onone";
			};
			name = Debug;
		};
		8970018A2158E95400BFA848 /* Release */ = {
			isa = XCBuildConfiguration;
			buildSettings = {
				ALWAYS_SEARCH_USER_PATHS = NO;
				CLANG_ANALYZER_NONNULL = YES;
				CLANG_ANALYZER_NUMBER_OBJECT_CONVERSION = YES_AGGRESSIVE;
				CLANG_CXX_LANGUAGE_STANDARD = "gnu++14";
				CLANG_CXX_LIBRARY = "libc++";
				CLANG_ENABLE_MODULES = YES;
				CLANG_ENABLE_OBJC_ARC = YES;
				CLANG_ENABLE_OBJC_WEAK = YES;
				CLANG_WARN_BLOCK_CAPTURE_AUTORELEASING = YES;
				CLANG_WARN_BOOL_CONVERSION = YES;
				CLANG_WARN_COMMA = YES;
				CLANG_WARN_CONSTANT_CONVERSION = YES;
				CLANG_WARN_DEPRECATED_OBJC_IMPLEMENTATIONS = YES;
				CLANG_WARN_DIRECT_OBJC_ISA_USAGE = YES_ERROR;
				CLANG_WARN_DOCUMENTATION_COMMENTS = YES;
				CLANG_WARN_EMPTY_BODY = YES;
				CLANG_WARN_ENUM_CONVERSION = YES;
				CLANG_WARN_INFINITE_RECURSION = YES;
				CLANG_WARN_INT_CONVERSION = YES;
				CLANG_WARN_NON_LITERAL_NULL_CONVERSION = YES;
				CLANG_WARN_OBJC_IMPLICIT_RETAIN_SELF = YES;
				CLANG_WARN_OBJC_LITERAL_CONVERSION = YES;
				CLANG_WARN_OBJC_ROOT_CLASS = YES_ERROR;
				CLANG_WARN_RANGE_LOOP_ANALYSIS = YES;
				CLANG_WARN_STRICT_PROTOTYPES = YES;
				CLANG_WARN_SUSPICIOUS_MOVE = YES;
				CLANG_WARN_UNGUARDED_AVAILABILITY = YES_AGGRESSIVE;
				CLANG_WARN_UNREACHABLE_CODE = YES;
				CLANG_WARN__DUPLICATE_METHOD_MATCH = YES;
				CODE_SIGN_IDENTITY = "iPhone Developer";
				COPY_PHASE_STRIP = NO;
				DEBUG_INFORMATION_FORMAT = "dwarf-with-dsym";
				ENABLE_NS_ASSERTIONS = NO;
				ENABLE_STRICT_OBJC_MSGSEND = YES;
				GCC_C_LANGUAGE_STANDARD = gnu11;
				GCC_NO_COMMON_BLOCKS = YES;
				GCC_WARN_64_TO_32_BIT_CONVERSION = YES;
				GCC_WARN_ABOUT_RETURN_TYPE = YES_ERROR;
				GCC_WARN_UNDECLARED_SELECTOR = YES;
				GCC_WARN_UNINITIALIZED_AUTOS = YES_AGGRESSIVE;
				GCC_WARN_UNUSED_FUNCTION = YES;
				GCC_WARN_UNUSED_VARIABLE = YES;
				IPHONEOS_DEPLOYMENT_TARGET = 12.0;
				MTL_ENABLE_DEBUG_INFO = NO;
				MTL_FAST_MATH = YES;
				SDKROOT = iphoneos;
				SWIFT_COMPILATION_MODE = wholemodule;
				SWIFT_OPTIMIZATION_LEVEL = "-O";
				VALIDATE_PRODUCT = YES;
			};
			name = Release;
		};
		8970018C2158E95400BFA848 /* Debug */ = {
			isa = XCBuildConfiguration;
			buildSettings = {
				ASSETCATALOG_COMPILER_APPICON_NAME = AppIcon;
				CODE_SIGN_STYLE = Automatic;
				DEVELOPMENT_TEAM = FD9AJ84994;
				INFOPLIST_FILE = EzWords/Info.plist;
				LD_RUNPATH_SEARCH_PATHS = (
					"$(inherited)",
					"@executable_path/Frameworks",
				);
				PRODUCT_BUNDLE_IDENTIFIER = rodiv.EzWords;
				PRODUCT_NAME = "$(TARGET_NAME)";
				SWIFT_VERSION = 4.2;
				TARGETED_DEVICE_FAMILY = "1,2";
			};
			name = Debug;
		};
		8970018D2158E95400BFA848 /* Release */ = {
			isa = XCBuildConfiguration;
			buildSettings = {
				ASSETCATALOG_COMPILER_APPICON_NAME = AppIcon;
				CODE_SIGN_STYLE = Automatic;
				DEVELOPMENT_TEAM = FD9AJ84994;
				INFOPLIST_FILE = EzWords/Info.plist;
				LD_RUNPATH_SEARCH_PATHS = (
					"$(inherited)",
					"@executable_path/Frameworks",
				);
				PRODUCT_BUNDLE_IDENTIFIER = rodiv.EzWords;
				PRODUCT_NAME = "$(TARGET_NAME)";
				SWIFT_VERSION = 4.2;
				TARGETED_DEVICE_FAMILY = "1,2";
			};
			name = Release;
		};
		8970018F2158E95400BFA848 /* Debug */ = {
			isa = XCBuildConfiguration;
			buildSettings = {
				ALWAYS_EMBED_SWIFT_STANDARD_LIBRARIES = YES;
				BUNDLE_LOADER = "$(TEST_HOST)";
				CODE_SIGN_STYLE = Automatic;
				DEVELOPMENT_TEAM = FD9AJ84994;
				INFOPLIST_FILE = EzWordsTests/Info.plist;
				LD_RUNPATH_SEARCH_PATHS = (
					"$(inherited)",
					"@executable_path/Frameworks",
					"@loader_path/Frameworks",
				);
				PRODUCT_BUNDLE_IDENTIFIER = rodiv.EzWordsTests;
				PRODUCT_NAME = "$(TARGET_NAME)";
				SWIFT_VERSION = 4.2;
				TARGETED_DEVICE_FAMILY = "1,2";
				TEST_HOST = "$(BUILT_PRODUCTS_DIR)/EzWords.app/EzWords";
			};
			name = Debug;
		};
		897001902158E95400BFA848 /* Release */ = {
			isa = XCBuildConfiguration;
			buildSettings = {
				ALWAYS_EMBED_SWIFT_STANDARD_LIBRARIES = YES;
				BUNDLE_LOADER = "$(TEST_HOST)";
				CODE_SIGN_STYLE = Automatic;
				DEVELOPMENT_TEAM = FD9AJ84994;
				INFOPLIST_FILE = EzWordsTests/Info.plist;
				LD_RUNPATH_SEARCH_PATHS = (
					"$(inherited)",
					"@executable_path/Frameworks",
					"@loader_path/Frameworks",
				);
				PRODUCT_BUNDLE_IDENTIFIER = rodiv.EzWordsTests;
				PRODUCT_NAME = "$(TARGET_NAME)";
				SWIFT_VERSION = 4.2;
				TARGETED_DEVICE_FAMILY = "1,2";
				TEST_HOST = "$(BUILT_PRODUCTS_DIR)/EzWords.app/EzWords";
			};
			name = Release;
		};
		897001922158E95400BFA848 /* Debug */ = {
			isa = XCBuildConfiguration;
			buildSettings = {
				ALWAYS_EMBED_SWIFT_STANDARD_LIBRARIES = YES;
				CODE_SIGN_STYLE = Automatic;
				DEVELOPMENT_TEAM = FD9AJ84994;
				INFOPLIST_FILE = EzWordsUITests/Info.plist;
				LD_RUNPATH_SEARCH_PATHS = (
					"$(inherited)",
					"@executable_path/Frameworks",
					"@loader_path/Frameworks",
				);
				PRODUCT_BUNDLE_IDENTIFIER = rodiv.EzWordsUITests;
				PRODUCT_NAME = "$(TARGET_NAME)";
				SWIFT_VERSION = 4.2;
				TARGETED_DEVICE_FAMILY = "1,2";
				TEST_TARGET_NAME = EzWords;
			};
			name = Debug;
		};
		897001932158E95400BFA848 /* Release */ = {
			isa = XCBuildConfiguration;
			buildSettings = {
				ALWAYS_EMBED_SWIFT_STANDARD_LIBRARIES = YES;
				CODE_SIGN_STYLE = Automatic;
				DEVELOPMENT_TEAM = FD9AJ84994;
				INFOPLIST_FILE = EzWordsUITests/Info.plist;
				LD_RUNPATH_SEARCH_PATHS = (
					"$(inherited)",
					"@executable_path/Frameworks",
					"@loader_path/Frameworks",
				);
				PRODUCT_BUNDLE_IDENTIFIER = rodiv.EzWordsUITests;
				PRODUCT_NAME = "$(TARGET_NAME)";
				SWIFT_VERSION = 4.2;
				TARGETED_DEVICE_FAMILY = "1,2";
				TEST_TARGET_NAME = EzWords;
			};
			name = Release;
		};
/* End XCBuildConfiguration section */

/* Begin XCConfigurationList section */
		8970015E2158E94F00BFA848 /* Build configuration list for PBXProject "EzWords" */ = {
			isa = XCConfigurationList;
			buildConfigurations = (
				897001892158E95400BFA848 /* Debug */,
				8970018A2158E95400BFA848 /* Release */,
			);
			defaultConfigurationIsVisible = 0;
			defaultConfigurationName = Release;
		};
		8970018B2158E95400BFA848 /* Build configuration list for PBXNativeTarget "EzWords" */ = {
			isa = XCConfigurationList;
			buildConfigurations = (
				8970018C2158E95400BFA848 /* Debug */,
				8970018D2158E95400BFA848 /* Release */,
			);
			defaultConfigurationIsVisible = 0;
			defaultConfigurationName = Release;
		};
		8970018E2158E95400BFA848 /* Build configuration list for PBXNativeTarget "EzWordsTests" */ = {
			isa = XCConfigurationList;
			buildConfigurations = (
				8970018F2158E95400BFA848 /* Debug */,
				897001902158E95400BFA848 /* Release */,
			);
			defaultConfigurationIsVisible = 0;
			defaultConfigurationName = Release;
		};
		897001912158E95400BFA848 /* Build configuration list for PBXNativeTarget "EzWordsUITests" */ = {
			isa = XCConfigurationList;
			buildConfigurations = (
				897001922158E95400BFA848 /* Debug */,
				897001932158E95400BFA848 /* Release */,
			);
			defaultConfigurationIsVisible = 0;
			defaultConfigurationName = Release;
		};
/* End XCConfigurationList section */
	};
	rootObject = 8970015B2158E94F00BFA848 /* Project object */;
}
